
Microsoft Visual Studio Solution File, Format Version 12.00
# Visual Studio 15
Project("{FAE04EC0-301F-11D3-BF4B-00C04F79EFBC}") = "Assembly-CSharp", "Assembly-CSharp.csproj", "{251BA44B-4DF0-877B-12A0-7C1CCE9E2A39}"
EndProject
Global
	GlobalSection(SolutionConfigurationPlatforms) = preSolution
		Debug|Any CPU = Debug|Any CPU
		Release|Any CPU = Release|Any CPU
	EndGlobalSection
	GlobalSection(ProjectConfigurationPlatforms) = postSolution
		{251BA44B-4DF0-877B-12A0-7C1CCE9E2A39}.Debug|Any CPU.ActiveCfg = Debug|Any CPU
		{251BA44B-4DF0-877B-12A0-7C1CCE9E2A39}.Debug|Any CPU.Build.0 = Debug|Any CPU
		{251BA44B-4DF0-877B-12A0-7C1CCE9E2A39}.Release|Any CPU.ActiveCfg = Release|Any CPU
		{251BA44B-4DF0-877B-12A0-7C1CCE9E2A39}.Release|Any CPU.Build.0 = Release|Any CPU
	EndGlobalSection
	GlobalSection(SolutionProperties) = preSolution
		HideSolutionNode = FALSE
	EndGlobalSection
EndGlobal
